
Microsoft Visual Studio Solution File, Format Version 12.00
# Visual Studio Version 17
VisualStudioVersion = 17.4.32804.182
MinimumVisualStudioVersion = 10.0.40219.1
Project("{FAE04EC0-301F-11D3-BF4B-00C04F79EFBC}") = "AuthScopedTest", "AuthScopedTest\AuthScopedTest.csproj", "{0627DE49-E11D-44B5-95B9-F28682DFD2AD}"
EndProject
Global
	GlobalSection(SolutionConfigurationPlatforms) = preSolution
		Debug|Any CPU = Debug|Any CPU
		Release|Any CPU = Release|Any CPU
	EndGlobalSection
	GlobalSection(ProjectConfigurationPlatforms) = postSolution
		{0627DE49-E11D-44B5-95B9-F28682DFD2AD}.Debug|Any CPU.ActiveCfg = Debug|Any CPU
		{0627DE49-E11D-44B5-95B9-F28682DFD2AD}.Debug|Any CPU.Build.0 = Debug|Any CPU
		{0627DE49-E11D-44B5-95B9-F28682DFD2AD}.Release|Any CPU.ActiveCfg = Release|Any CPU
		{0627DE49-E11D-44B5-95B9-F28682DFD2AD}.Release|Any CPU.Build.0 = Release|Any CPU
	EndGlobalSection
	GlobalSection(SolutionProperties) = preSolution
		HideSolutionNode = FALSE
	EndGlobalSection
	GlobalSection(ExtensibilityGlobals) = postSolution
		SolutionGuid = {AE41CAAF-7918-4AF0-8B98-752A026A5928}
	EndGlobalSection
EndGlobal
